
Microsoft Visual Studio Solution File, Format Version 12.00
# Visual Studio Version 17
VisualStudioVersion = 17.3.32929.385
MinimumVisualStudioVersion = 10.0.40219.1
Project("{8BC9CEB8-8B4A-11D0-8D11-00A0C91BC942}") = "Part1 Hỗn Số", "Part1 Hỗn Số\Part1 Hỗn Số.vcxproj", "{BDA77D9A-6BDB-43F0-99F7-6E9106F8F93E}"
EndProject
Project("{8BC9CEB8-8B4A-11D0-8D11-00A0C91BC942}") = "Part2", "Part2\Part2.vcxproj", "{8C73231E-1B24-4C65-A89A-24B1F9B0B847}"
EndProject
Global
	GlobalSection(SolutionConfigurationPlatforms) = preSolution
		Debug|x64 = Debug|x64
		Debug|x86 = Debug|x86
		Release|x64 = Release|x64
		Release|x86 = Release|x86
	EndGlobalSection
	GlobalSection(ProjectConfigurationPlatforms) = postSolution
		{BDA77D9A-6BDB-43F0-99F7-6E9106F8F93E}.Debug|x64.ActiveCfg = Debug|x64
		{BDA77D9A-6BDB-43F0-99F7-6E9106F8F93E}.Debug|x64.Build.0 = Debug|x64
		{BDA77D9A-6BDB-43F0-99F7-6E9106F8F93E}.Debug|x86.ActiveCfg = Debug|Win32
		{BDA77D9A-6BDB-43F0-99F7-6E9106F8F93E}.Debug|x86.Build.0 = Debug|Win32
		{BDA77D9A-6BDB-43F0-99F7-6E9106F8F93E}.Release|x64.ActiveCfg = Release|x64
		{BDA77D9A-6BDB-43F0-99F7-6E9106F8F93E}.Release|x64.Build.0 = Release|x64
		{BDA77D9A-6BDB-43F0-99F7-6E9106F8F93E}.Release|x86.ActiveCfg = Release|Win32
		{BDA77D9A-6BDB-43F0-99F7-6E9106F8F93E}.Release|x86.Build.0 = Release|Win32
		{8C73231E-1B24-4C65-A89A-24B1F9B0B847}.Debug|x64.ActiveCfg = Debug|x64
		{8C73231E-1B24-4C65-A89A-24B1F9B0B847}.Debug|x64.Build.0 = Debug|x64
		{8C73231E-1B24-4C65-A89A-24B1F9B0B847}.Debug|x86.ActiveCfg = Debug|Win32
		{8C73231E-1B24-4C65-A89A-24B1F9B0B847}.Debug|x86.Build.0 = Debug|Win32
		{8C73231E-1B24-4C65-A89A-24B1F9B0B847}.Release|x64.ActiveCfg = Release|x64
		{8C73231E-1B24-4C65-A89A-24B1F9B0B847}.Release|x64.Build.0 = Release|x64
		{8C73231E-1B24-4C65-A89A-24B1F9B0B847}.Release|x86.ActiveCfg = Release|Win32
		{8C73231E-1B24-4C65-A89A-24B1F9B0B847}.Release|x86.Build.0 = Release|Win32
	EndGlobalSection
	GlobalSection(SolutionProperties) = preSolution
		HideSolutionNode = FALSE
	EndGlobalSection
	GlobalSection(ExtensibilityGlobals) = postSolution
		SolutionGuid = {B177278C-7441-4662-B5C3-8FE810B7D445}
	EndGlobalSection
EndGlobal
